{
  "object": {
    "pins": [
      {
        "package": "BinaryReader",
        "repositoryURL": "https://github.com/rinsuki/BinaryReaderSwift",
        "state": {
          "branch": "master",
          "revision": "b5aa8aae310e974cf8696c6b4db2f9588fb4698e",
          "version": null
        }
      },
      {
        "package": "FoundationWithNetworking",
        "repositoryURL": "https://github.com/rinsuki/FoundationWithNetworking",
        "state": {
          "branch": null,
          "revision": "67e4425413483bde37a7b1f1258d831f24e6ea4d",
          "version": "0.1.0"
        }
      },
      {
        "package": "Gzip",
        "repositoryURL": "https://github.com/rinsuki/GzipSwift",
        "state": {
          "branch": "support-windows",
          "revision": "e33dce53bd0b63b3415740213c13f9cffb70067f",
          "version": null
        }
      },
      {
        "package": "Regex",
        "repositoryURL": "https://github.com/sharplet/Regex",
        "state": {
          "branch": null,
          "revision": "76c2b73d4281d77fc3118391877efd1bf972f515",
          "version": "2.1.1"
        }
      },
      {
        "package": "SHA1",
        "repositoryURL": "https://github.com/rinsuki/sha1-swift",
        "state": {
          "branch": "support-swiftpm",
          "revision": "d48584b7fe9133f783fbf781199a67f9eadb8f92",
          "version": null
        }
      },
      {
        "package": "SocketIO",
        "repositoryURL": "https://github.com/socketio/socket.io-client-swift",
        "state": {
          "branch": null,
          "revision": "36db2ff0ebc7239187f9b382fd318e122da71caa",
          "version": "15.2.0"
        }
      },
      {
        "package": "Starscream",
        "repositoryURL": "https://github.com/rinsuki/Starscream",
        "state": {
          "branch": "support-linux-and-windows",
          "revision": "0db9fe26e1294d513c9f61a0b446fca0e40e1a7f",
          "version": null
        }
      },
      {
        "package": "swift-argument-parser",
        "repositoryURL": "https://github.com/apple/swift-argument-parser",
        "state": {
          "branch": null,
          "revision": "9564d61b08a5335ae0a36f789a7d71493eacadfc",
          "version": "0.3.2"
        }
      },
      {
        "package": "SwiftMsgPack",
        "repositoryURL": "https://github.com/rinsuki/SwiftMsgPack",
        "state": {
          "branch": "implement/handling-nsnull",
          "revision": "a79383425c597d5b37df7b62114633cd29acd6e9",
          "version": null
        }
      }
    ]
  },
  "version": 1
}
